// !$*UTF8*$!
{
	archiveVersion = 1;
	classes = {
	};
	objectVersion = 46;
	objects = {

/* Begin PBXBuildFile section */
		1ACBB9571C9A6E0E0010E70D /* main.cpp in Sources */ = {isa = PBXBuildFile; fileRef = 1ACBB9561C9A6E0E0010E70D /* main.cpp */; };
/* End PBXBuildFile section */

/* Begin PBXCopyFilesBuildPhase section */
		1ACBB9511C9A6E0E0010E70D /* CopyFiles */ = {
			isa = PBXCopyFilesBuildPhase;
			buildActionMask = 2147483647;
			dstPath = /usr/share/man/man1/;
			dstSubfolderSpec = 0;
			files = (
			);
			runOnlyForDeploymentPostprocessing = 1;
		};
/* End PBXCopyFilesBuildPhase section */

/* Begin PBXFileReference section */
		1ACBB9531C9A6E0E0010E70D /* 01backpack */ = {isa = PBXFileReference; explicitFileType = "compiled.mach-o.executable"; includeInIndex = 0; path = 01backpack; sourceTree = BUILT_PRODUCTS_DIR; };
		1ACBB9561C9A6E0E0010E70D /* main.cpp */ = {isa = PBXFileReference; lastKnownFileType = sourcecode.cpp.cpp; path = main.cpp; sourceTree = "<group>"; };
/* End PBXFileReference section */

/* Begin PBXFrameworksBuildPhase section */
		1ACBB9501C9A6E0E0010E70D /* Frameworks */ = {
			isa = PBXFrameworksBuildPhase;
			buildActionMask = 2147483647;
			files = (
			);
			runOnlyForDeploymentPostprocessing = 0;
		};
/* End PBXFrameworksBuildPhase section */

/* Begin PBXGroup section */
		1ACBB94A1C9A6E0E0010E70D = {
			isa = PBXGroup;
			children = (
				1ACBB9551C9A6E0E0010E70D /* 01backpack */,
				1ACBB9541C9A6E0E0010E70D /* Products */,
			);
			sourceTree = "<group>";
		};
		1ACBB9541C9A6E0E0010E70D /* Products */ = {
			isa = PBXGroup;
			children = (
				1ACBB9531C9A6E0E0010E70D /* 01backpack */,
			);
			name = Products;
			sourceTree = "<group>";
		};
		1ACBB9551C9A6E0E0010E70D /* 01backpack */ = {
			isa = PBXGroup;
			children = (
				1ACBB9561C9A6E0E0010E70D /* main.cpp */,
			);
			path = 01backpack;
			sourceTree = "<group>";
		};
/* End PBXGroup section */

/* Begin PBXNativeTarget section */
		1ACBB9521C9A6E0E0010E70D /* 01backpack */ = {
			isa = PBXNativeTarget;
			buildConfigurationList = 1ACBB95A1C9A6E0E0010E70D /* Build configuration list for PBXNativeTarget "01backpack" */;
			buildPhases = (
				1ACBB94F1C9A6E0E0010E70D /* Sources */,
				1ACBB9501C9A6E0E0010E70D /* Frameworks */,
				1ACBB9511C9A6E0E0010E70D /* CopyFiles */,
			);
			buildRules = (
			);
			dependencies = (
			);
			name = 01backpack;
			productName = 01backpack;
			productReference = 1ACBB9531C9A6E0E0010E70D /* 01backpack */;
			productType = "com.apple.product-type.tool";
		};
/* End PBXNativeTarget section */

/* Begin PBXProject section */
		1ACBB94B1C9A6E0E0010E70D /* Project object */ = {
			isa = PBXProject;
			attributes = {
				LastUpgradeCheck = 0720;
				ORGANIZATIONNAME = YANGSHAOQUN;
				TargetAttributes = {
					1ACBB9521C9A6E0E0010E70D = {
						CreatedOnToolsVersion = 7.2;
					};
				};
			};
			buildConfigurationList = 1ACBB94E1C9A6E0E0010E70D /* Build configuration list for PBXProject "01backpack" */;
			compatibilityVersion = "Xcode 3.2";
			developmentRegion = English;
			hasScannedForEncodings = 0;
			knownRegions = (
				en,
			);
			mainGroup = 1ACBB94A1C9A6E0E0010E70D;
			productRefGroup = 1ACBB9541C9A6E0E0010E70D /* Products */;
			projectDirPath = "";
			projectRoot = "";
			targets = (
				1ACBB9521C9A6E0E0010E70D /* 01backpack */,
			);
		};
/* End PBXProject section */

/* Begin PBXSourcesBuildPhase section */
		1ACBB94F1C9A6E0E0010E70D /* Sources */ = {
			isa = PBXSourcesBuildPhase;
			buildActionMask = 2147483647;
			files = (
				1ACBB9571C9A6E0E0010E70D /* main.cpp in Sources */,
			);
			runOnlyForDeploymentPostprocessing = 0;
		};
/* End PBXSourcesBuildPhase section */

/* Begin XCBuildConfiguration section */
		1ACBB9581C9A6E0E0010E70D /* Debug */ = {
			isa = XCBuildConfiguration;
			buildSettings = {
				ALWAYS_SEARCH_USER_PATHS = NO;
				CLANG_CXX_LANGUAGE_STANDARD = "gnu++0x";
				CLANG_CXX_LIBRARY = "libc++";
				CLANG_ENABLE_MODULES = YES;
				CLANG_ENABLE_OBJC_ARC = YES;
				CLANG_WARN_BOOL_CONVERSION = YES;
				CLANG_WARN_CONSTANT_CONVERSION = YES;
				CLANG_WARN_DIRECT_OBJC_ISA_USAGE = YES_ERROR;
				CLANG_WARN_EMPTY_BODY = YES;
				CLANG_WARN_ENUM_CONVERSION = YES;
				CLANG_WARN_INT_CONVERSION = YES;
				CLANG_WARN_OBJC_ROOT_CLASS = YES_ERROR;
				CLANG_WARN_UNREACHABLE_CODE = YES;
				CLANG_WARN__DUPLICATE_METHOD_MATCH = YES;
				CODE_SIGN_IDENTITY = "-";
				COPY_PHASE_STRIP = NO;
				DEBUG_INFORMATION_FORMAT = dwarf;
				ENABLE_STRICT_OBJC_MSGSEND = YES;
				ENABLE_TESTABILITY = YES;
				GCC_C_LANGUAGE_STANDARD = gnu99;
				GCC_DYNAMIC_NO_PIC = NO;
				GCC_NO_COMMON_BLOCKS = YES;
				GCC_OPTIMIZATION_LEVEL = 0;
				GCC_PREPROCESSOR_DEFINITIONS = (
					"DEBUG=1",
					"$(inherited)",
				);
				GCC_WARN_64_TO_32_BIT_CONVERSION = YES;
				GCC_WARN_ABOUT_RETURN_TYPE = YES_ERROR;
				GCC_WARN_UNDECLARED_SELECTOR = YES;
				GCC_WARN_UNINITIALIZED_AUTOS = YES_AGGRESSIVE;
				GCC_WARN_UNUSED_FUNCTION = YES;
				GCC_WARN_UNUSED_VARIABLE = YES;
				MACOSX_DEPLOYMENT_TARGET = 10.11;
				MTL_ENABLE_DEBUG_INFO = YES;
				ONLY_ACTIVE_ARCH = YES;
				SDKROOT = macosx;
			};
			name = Debug;
		};
		1ACBB9591C9A6E0E0010E70D /* Release */ = {
			isa = XCBuildConfiguration;
			buildSettings = {
				ALWAYS_SEARCH_USER_PATHS = NO;
				CLANG_CXX_LANGUAGE_STANDARD = "gnu++0x";
				CLANG_CXX_LIBRARY = "libc++";
				CLANG_ENABLE_MODULES = YES;
				CLANG_ENABLE_OBJC_ARC = YES;
				CLANG_WARN_BOOL_CONVERSION = YES;
				CLANG_WARN_CONSTANT_CONVERSION = YES;
				CLANG_WARN_DIRECT_OBJC_ISA_USAGE = YES_ERROR;
				CLANG_WARN_EMPTY_BODY = YES;
				CLANG_WARN_ENUM_CONVERSION = YES;
				CLANG_WARN_INT_CONVERSION = YES;
				CLANG_WARN_OBJC_ROOT_CLASS = YES_ERROR;
				CLANG_WARN_UNREACHABLE_CODE = YES;
				CLANG_WARN__DUPLICATE_METHOD_MATCH = YES;
				CODE_SIGN_IDENTITY = "-";
				COPY_PHASE_STRIP = NO;
				DEBUG_INFORMATION_FORMAT = "dwarf-with-dsym";
				ENABLE_NS_ASSERTIONS = NO;
				ENABLE_STRICT_OBJC_MSGSEND = YES;
				GCC_C_LANGUAGE_STANDARD = gnu99;
				GCC_NO_COMMON_BLOCKS = YES;
				GCC_WARN_64_TO_32_BIT_CONVERSION = YES;
				GCC_WARN_ABOUT_RETURN_TYPE = YES_ERROR;
				GCC_WARN_UNDECLARED_SELECTOR = YES;
				GCC_WARN_UNINITIALIZED_AUTOS = YES_AGGRESSIVE;
				GCC_WARN_UNUSED_FUNCTION = YES;
				GCC_WARN_UNUSED_VARIABLE = YES;
				MACOSX_DEPLOYMENT_TARGET = 10.11;
				MTL_ENABLE_DEBUG_INFO = NO;
				SDKROOT = macosx;
			};
			name = Release;
		};
		1ACBB95B1C9A6E0E0010E70D /* Debug */ = {
			isa = XCBuildConfiguration;
			buildSettings = {
				PRODUCT_NAME = "$(TARGET_NAME)";
			};
			name = Debug;
		};
		1ACBB95C1C9A6E0E0010E70D /* Release */ = {
			isa = XCBuildConfiguration;
			buildSettings = {
				PRODUCT_NAME = "$(TARGET_NAME)";
			};
			name = Release;
		};
/* End XCBuildConfiguration section */

/* Begin XCConfigurationList section */
		1ACBB94E1C9A6E0E0010E70D /* Build configuration list for PBXProject "01backpack" */ = {
			isa = XCConfigurationList;
			buildConfigurations = (
				1ACBB9581C9A6E0E0010E70D /* Debug */,
				1ACBB9591C9A6E0E0010E70D /* Release */,
			);
			defaultConfigurationIsVisible = 0;
			defaultConfigurationName = Release;
		};
		1ACBB95A1C9A6E0E0010E70D /* Build configuration list for PBXNativeTarget "01backpack" */ = {
			isa = XCConfigurationList;
			buildConfigurations = (
				1ACBB95B1C9A6E0E0010E70D /* Debug */,
				1ACBB95C1C9A6E0E0010E70D /* Release */,
			);
			defaultConfigurationIsVisible = 0;
		};
/* End XCConfigurationList section */
	};
	rootObject = 1ACBB94B1C9A6E0E0010E70D /* Project object */;
}
